
Microsoft Visual Studio Solution File, Format Version 12.00
# Visual Studio 15
VisualStudioVersion = 15.0.28307.757
MinimumVisualStudioVersion = 10.0.40219.1
Project("{FAE04EC0-301F-11D3-BF4B-00C04F79EFBC}") = "WordsTranslate.Android", "WordsTranslate\WordsTranslate.Android\WordsTranslate.Android.csproj", "{A706C80E-E5AA-419B-B581-3231A78796F2}"
EndProject
Project("{FAE04EC0-301F-11D3-BF4B-00C04F79EFBC}") = "WordsTranslate.iOS", "WordsTranslate\WordsTranslate.iOS\WordsTranslate.iOS.csproj", "{123414B1-75EF-4654-B86C-BEBE4982C3D2}"
EndProject
Project("{FAE04EC0-301F-11D3-BF4B-00C04F79EFBC}") = "WordsTranslate.UWP", "WordsTranslate\WordsTranslate.UWP\WordsTranslate.UWP.csproj", "{54FF7510-7B0D-4E80-B772-C59A26BA80B8}"
EndProject
Project("{FAE04EC0-301F-11D3-BF4B-00C04F79EFBC}") = "WordsTranslate", "WordsTranslate\WordsTranslate\WordsTranslate.csproj", "{7AD71643-510D-4418-B63E-800E365C0365}"
EndProject
Global
	GlobalSection(SolutionConfigurationPlatforms) = preSolution
		Ad-Hoc|Any CPU = Ad-Hoc|Any CPU
		Ad-Hoc|ARM = Ad-Hoc|ARM
		Ad-Hoc|iPhone = Ad-Hoc|iPhone
		Ad-Hoc|iPhoneSimulator = Ad-Hoc|iPhoneSimulator
		Ad-Hoc|x64 = Ad-Hoc|x64
		Ad-Hoc|x86 = Ad-Hoc|x86
		AppStore|Any CPU = AppStore|Any CPU
		AppStore|ARM = AppStore|ARM
		AppStore|iPhone = AppStore|iPhone
		AppStore|iPhoneSimulator = AppStore|iPhoneSimulator
		AppStore|x64 = AppStore|x64
		AppStore|x86 = AppStore|x86
		Debug|Any CPU = Debug|Any CPU
		Debug|ARM = Debug|ARM
		Debug|iPhone = Debug|iPhone
		Debug|iPhoneSimulator = Debug|iPhoneSimulator
		Debug|x64 = Debug|x64
		Debug|x86 = Debug|x86
		Release|Any CPU = Release|Any CPU
		Release|ARM = Release|ARM
		Release|iPhone = Release|iPhone
		Release|iPhoneSimulator = Release|iPhoneSimulator
		Release|x64 = Release|x64
		Release|x86 = Release|x86
	EndGlobalSection
	GlobalSection(ProjectConfigurationPlatforms) = postSolution
		{A706C80E-E5AA-419B-B581-3231A78796F2}.Ad-Hoc|Any CPU.ActiveCfg = Release|Any CPU
		{A706C80E-E5AA-419B-B581-3231A78796F2}.Ad-Hoc|Any CPU.Build.0 = Release|Any CPU
		{A706C80E-E5AA-419B-B581-3231A78796F2}.Ad-Hoc|Any CPU.Deploy.0 = Release|Any CPU
		{A706C80E-E5AA-419B-B581-3231A78796F2}.Ad-Hoc|ARM.ActiveCfg = Release|Any CPU
		{A706C80E-E5AA-419B-B581-3231A78796F2}.Ad-Hoc|ARM.Build.0 = Release|Any CPU
		{A706C80E-E5AA-419B-B581-3231A78796F2}.Ad-Hoc|ARM.Deploy.0 = Release|Any CPU
		{A706C80E-E5AA-419B-B581-3231A78796F2}.Ad-Hoc|iPhone.ActiveCfg = Release|Any CPU
		{A706C80E-E5AA-419B-B581-3231A78796F2}.Ad-Hoc|iPhone.Build.0 = Release|Any CPU
		{A706C80E-E5AA-419B-B581-3231A78796F2}.Ad-Hoc|iPhone.Deploy.0 = Release|Any CPU
		{A706C80E-E5AA-419B-B581-3231A78796F2}.Ad-Hoc|iPhoneSimulator.ActiveCfg = Release|Any CPU
		{A706C80E-E5AA-419B-B581-3231A78796F2}.Ad-Hoc|iPhoneSimulator.Build.0 = Release|Any CPU
		{A706C80E-E5AA-419B-B581-3231A78796F2}.Ad-Hoc|iPhoneSimulator.Deploy.0 = Release|Any CPU
		{A706C80E-E5AA-419B-B581-3231A78796F2}.Ad-Hoc|x64.ActiveCfg = Release|Any CPU
		{A706C80E-E5AA-419B-B581-3231A78796F2}.Ad-Hoc|x64.Build.0 = Release|Any CPU
		{A706C80E-E5AA-419B-B581-3231A78796F2}.Ad-Hoc|x64.Deploy.0 = Release|Any CPU
		{A706C80E-E5AA-419B-B581-3231A78796F2}.Ad-Hoc|x86.ActiveCfg = Release|Any CPU
		{A706C80E-E5AA-419B-B581-3231A78796F2}.Ad-Hoc|x86.Build.0 = Release|Any CPU
		{A706C80E-E5AA-419B-B581-3231A78796F2}.Ad-Hoc|x86.Deploy.0 = Release|Any CPU
		{A706C80E-E5AA-419B-B581-3231A78796F2}.AppStore|Any CPU.ActiveCfg = Release|Any CPU
		{A706C80E-E5AA-419B-B581-3231A78796F2}.AppStore|Any CPU.Build.0 = Release|Any CPU
		{A706C80E-E5AA-419B-B581-3231A78796F2}.AppStore|Any CPU.Deploy.0 = Release|Any CPU
		{A706C80E-E5AA-419B-B581-3231A78796F2}.AppStore|ARM.ActiveCfg = Release|Any CPU
		{A706C80E-E5AA-419B-B581-3231A78796F2}.AppStore|ARM.Build.0 = Release|Any CPU
		{A706C80E-E5AA-419B-B581-3231A78796F2}.AppStore|ARM.Deploy.0 = Release|Any CPU
		{A706C80E-E5AA-419B-B581-3231A78796F2}.AppStore|iPhone.ActiveCfg = Release|Any CPU
		{A706C80E-E5AA-419B-B581-3231A78796F2}.AppStore|iPhone.Build.0 = Release|Any CPU
		{A706C80E-E5AA-419B-B581-3231A78796F2}.AppStore|iPhone.Deploy.0 = Release|Any CPU
		{A706C80E-E5AA-419B-B581-3231A78796F2}.AppStore|iPhoneSimulator.ActiveCfg = Release|Any CPU
		{A706C80E-E5AA-419B-B581-3231A78796F2}.AppStore|iPhoneSimulator.Build.0 = Release|Any CPU
		{A706C80E-E5AA-419B-B581-3231A78796F2}.AppStore|iPhoneSimulator.Deploy.0 = Release|Any CPU
		{A706C80E-E5AA-419B-B581-3231A78796F2}.AppStore|x64.ActiveCfg = Release|Any CPU
		{A706C80E-E5AA-419B-B581-3231A78796F2}.AppStore|x64.Build.0 = Release|Any CPU
		{A706C80E-E5AA-419B-B581-3231A78796F2}.AppStore|x64.Deploy.0 = Release|Any CPU
		{A706C80E-E5AA-419B-B581-3231A78796F2}.AppStore|x86.ActiveCfg = Release|Any CPU
		{A706C80E-E5AA-419B-B581-3231A78796F2}.AppStore|x86.Build.0 = Release|Any CPU
		{A706C80E-E5AA-419B-B581-3231A78796F2}.AppStore|x86.Deploy.0 = Release|Any CPU
		{A706C80E-E5AA-419B-B581-3231A78796F2}.Debug|Any CPU.ActiveCfg = Debug|Any CPU
		{A706C80E-E5AA-419B-B581-3231A78796F2}.Debug|Any CPU.Build.0 = Debug|Any CPU
		{A706C80E-E5AA-419B-B581-3231A78796F2}.Debug|Any CPU.Deploy.0 = Debug|Any CPU
		{A706C80E-E5AA-419B-B581-3231A78796F2}.Debug|ARM.ActiveCfg = Debug|Any CPU
		{A706C80E-E5AA-419B-B581-3231A78796F2}.Debug|ARM.Build.0 = Debug|Any CPU
		{A706C80E-E5AA-419B-B581-3231A78796F2}.Debug|ARM.Deploy.0 = Debug|Any CPU
		{A706C80E-E5AA-419B-B581-3231A78796F2}.Debug|iPhone.ActiveCfg = Debug|Any CPU
		{A706C80E-E5AA-419B-B581-3231A78796F2}.Debug|iPhone.Build.0 = Debug|Any CPU
		{A706C80E-E5AA-419B-B581-3231A78796F2}.Debug|iPhone.Deploy.0 = Debug|Any CPU
		{A706C80E-E5AA-419B-B581-3231A78796F2}.Debug|iPhoneSimulator.ActiveCfg = Debug|Any CPU
		{A706C80E-E5AA-419B-B581-3231A78796F2}.Debug|iPhoneSimulator.Build.0 = Debug|Any CPU
		{A706C80E-E5AA-419B-B581-3231A78796F2}.Debug|iPhoneSimulator.Deploy.0 = Debug|Any CPU
		{A706C80E-E5AA-419B-B581-3231A78796F2}.Debug|x64.ActiveCfg = Debug|Any CPU
		{A706C80E-E5AA-419B-B581-3231A78796F2}.Debug|x64.Build.0 = Debug|Any CPU
		{A706C80E-E5AA-419B-B581-3231A78796F2}.Debug|x64.Deploy.0 = Debug|Any CPU
		{A706C80E-E5AA-419B-B581-3231A78796F2}.Debug|x86.ActiveCfg = Debug|Any CPU
		{A706C80E-E5AA-419B-B581-3231A78796F2}.Debug|x86.Build.0 = Debug|Any CPU
		{A706C80E-E5AA-419B-B581-3231A78796F2}.Debug|x86.Deploy.0 = Debug|Any CPU
		{A706C80E-E5AA-419B-B581-3231A78796F2}.Release|Any CPU.ActiveCfg = Release|Any CPU
		{A706C80E-E5AA-419B-B581-3231A78796F2}.Release|Any CPU.Build.0 = Release|Any CPU
		{A706C80E-E5AA-419B-B581-3231A78796F2}.Release|Any CPU.Deploy.0 = Release|Any CPU
		{A706C80E-E5AA-419B-B581-3231A78796F2}.Release|ARM.ActiveCfg = Release|Any CPU
		{A706C80E-E5AA-419B-B581-3231A78796F2}.Release|ARM.Build.0 = Release|Any CPU
		{A706C80E-E5AA-419B-B581-3231A78796F2}.Release|ARM.Deploy.0 = Release|Any CPU
		{A706C80E-E5AA-419B-B581-3231A78796F2}.Release|iPhone.ActiveCfg = Release|Any CPU
		{A706C80E-E5AA-419B-B581-3231A78796F2}.Release|iPhone.Build.0 = Release|Any CPU
		{A706C80E-E5AA-419B-B581-3231A78796F2}.Release|iPhone.Deploy.0 = Release|Any CPU
		{A706C80E-E5AA-419B-B581-3231A78796F2}.Release|iPhoneSimulator.ActiveCfg = Release|Any CPU
		{A706C80E-E5AA-419B-B581-3231A78796F2}.Release|iPhoneSimulator.Build.0 = Release|Any CPU
		{A706C80E-E5AA-419B-B581-3231A78796F2}.Release|iPhoneSimulator.Deploy.0 = Release|Any CPU
		{A706C80E-E5AA-419B-B581-3231A78796F2}.Release|x64.ActiveCfg = Release|Any CPU
		{A706C80E-E5AA-419B-B581-3231A78796F2}.Release|x64.Build.0 = Release|Any CPU
		{A706C80E-E5AA-419B-B581-3231A78796F2}.Release|x64.Deploy.0 = Release|Any CPU
		{A706C80E-E5AA-419B-B581-3231A78796F2}.Release|x86.ActiveCfg = Release|Any CPU
		{A706C80E-E5AA-419B-B581-3231A78796F2}.Release|x86.Build.0 = Release|Any CPU
		{A706C80E-E5AA-419B-B581-3231A78796F2}.Release|x86.Deploy.0 = Release|Any CPU
		{123414B1-75EF-4654-B86C-BEBE4982C3D2}.Ad-Hoc|Any CPU.ActiveCfg = Ad-Hoc|iPhone
		{123414B1-75EF-4654-B86C-BEBE4982C3D2}.Ad-Hoc|Any CPU.Build.0 = Ad-Hoc|iPhone
		{123414B1-75EF-4654-B86C-BEBE4982C3D2}.Ad-Hoc|Any CPU.Deploy.0 = Ad-Hoc|iPhone
		{123414B1-75EF-4654-B86C-BEBE4982C3D2}.Ad-Hoc|ARM.ActiveCfg = Ad-Hoc|iPhone
		{123414B1-75EF-4654-B86C-BEBE4982C3D2}.Ad-Hoc|ARM.Build.0 = Ad-Hoc|iPhone
		{123414B1-75EF-4654-B86C-BEBE4982C3D2}.Ad-Hoc|ARM.Deploy.0 = Ad-Hoc|iPhone
		{123414B1-75EF-4654-B86C-BEBE4982C3D2}.Ad-Hoc|iPhone.ActiveCfg = Ad-Hoc|iPhone
		{123414B1-75EF-4654-B86C-BEBE4982C3D2}.Ad-Hoc|iPhone.Build.0 = Ad-Hoc|iPhone
		{123414B1-75EF-4654-B86C-BEBE4982C3D2}.Ad-Hoc|iPhone.Deploy.0 = Ad-Hoc|iPhone
		{123414B1-75EF-4654-B86C-BEBE4982C3D2}.Ad-Hoc|iPhoneSimulator.ActiveCfg = Ad-Hoc|iPhoneSimulator
		{123414B1-75EF-4654-B86C-BEBE4982C3D2}.Ad-Hoc|iPhoneSimulator.Build.0 = Ad-Hoc|iPhoneSimulator
		{123414B1-75EF-4654-B86C-BEBE4982C3D2}.Ad-Hoc|iPhoneSimulator.Deploy.0 = Ad-Hoc|iPhoneSimulator
		{123414B1-75EF-4654-B86C-BEBE4982C3D2}.Ad-Hoc|x64.ActiveCfg = Ad-Hoc|iPhone
		{123414B1-75EF-4654-B86C-BEBE4982C3D2}.Ad-Hoc|x64.Build.0 = Ad-Hoc|iPhone
		{123414B1-75EF-4654-B86C-BEBE4982C3D2}.Ad-Hoc|x64.Deploy.0 = Ad-Hoc|iPhone
		{123414B1-75EF-4654-B86C-BEBE4982C3D2}.Ad-Hoc|x86.ActiveCfg = Ad-Hoc|iPhone
		{123414B1-75EF-4654-B86C-BEBE4982C3D2}.Ad-Hoc|x86.Build.0 = Ad-Hoc|iPhone
		{123414B1-75EF-4654-B86C-BEBE4982C3D2}.Ad-Hoc|x86.Deploy.0 = Ad-Hoc|iPhone
		{123414B1-75EF-4654-B86C-BEBE4982C3D2}.AppStore|Any CPU.ActiveCfg = AppStore|iPhone
		{123414B1-75EF-4654-B86C-BEBE4982C3D2}.AppStore|Any CPU.Build.0 = AppStore|iPhone
		{123414B1-75EF-4654-B86C-BEBE4982C3D2}.AppStore|Any CPU.Deploy.0 = AppStore|iPhone
		{123414B1-75EF-4654-B86C-BEBE4982C3D2}.AppStore|ARM.ActiveCfg = AppStore|iPhone
		{123414B1-75EF-4654-B86C-BEBE4982C3D2}.AppStore|ARM.Build.0 = AppStore|iPhone
		{123414B1-75EF-4654-B86C-BEBE4982C3D2}.AppStore|ARM.Deploy.0 = AppStore|iPhone
		{123414B1-75EF-4654-B86C-BEBE4982C3D2}.AppStore|iPhone.ActiveCfg = AppStore|iPhone
		{123414B1-75EF-4654-B86C-BEBE4982C3D2}.AppStore|iPhone.Build.0 = AppStore|iPhone
		{123414B1-75EF-4654-B86C-BEBE4982C3D2}.AppStore|iPhone.Deploy.0 = AppStore|iPhone
		{123414B1-75EF-4654-B86C-BEBE4982C3D2}.AppStore|iPhoneSimulator.ActiveCfg = AppStore|iPhoneSimulator
		{123414B1-75EF-4654-B86C-BEBE4982C3D2}.AppStore|iPhoneSimulator.Build.0 = AppStore|iPhoneSimulator
		{123414B1-75EF-4654-B86C-BEBE4982C3D2}.AppStore|iPhoneSimulator.Deploy.0 = AppStore|iPhoneSimulator
		{123414B1-75EF-4654-B86C-BEBE4982C3D2}.AppStore|x64.ActiveCfg = AppStore|iPhone
		{123414B1-75EF-4654-B86C-BEBE4982C3D2}.AppStore|x64.Build.0 = AppStore|iPhone
		{123414B1-75EF-4654-B86C-BEBE4982C3D2}.AppStore|x64.Deploy.0 = AppStore|iPhone
		{123414B1-75EF-4654-B86C-BEBE4982C3D2}.AppStore|x86.ActiveCfg = AppStore|iPhone
		{123414B1-75EF-4654-B86C-BEBE4982C3D2}.AppStore|x86.Build.0 = AppStore|iPhone
		{123414B1-75EF-4654-B86C-BEBE4982C3D2}.AppStore|x86.Deploy.0 = AppStore|iPhone
		{123414B1-75EF-4654-B86C-BEBE4982C3D2}.Debug|Any CPU.ActiveCfg = Debug|iPhoneSimulator
		{123414B1-75EF-4654-B86C-BEBE4982C3D2}.Debug|Any CPU.Build.0 = Debug|iPhoneSimulator
		{123414B1-75EF-4654-B86C-BEBE4982C3D2}.Debug|Any CPU.Deploy.0 = Debug|iPhoneSimulator
		{123414B1-75EF-4654-B86C-BEBE4982C3D2}.Debug|ARM.ActiveCfg = Debug|iPhone
		{123414B1-75EF-4654-B86C-BEBE4982C3D2}.Debug|ARM.Build.0 = Debug|iPhone
		{123414B1-75EF-4654-B86C-BEBE4982C3D2}.Debug|ARM.Deploy.0 = Debug|iPhone
		{123414B1-75EF-4654-B86C-BEBE4982C3D2}.Debug|iPhone.ActiveCfg = Debug|iPhone
		{123414B1-75EF-4654-B86C-BEBE4982C3D2}.Debug|iPhone.Build.0 = Debug|iPhone
		{123414B1-75EF-4654-B86C-BEBE4982C3D2}.Debug|iPhone.Deploy.0 = Debug|iPhone
		{123414B1-75EF-4654-B86C-BEBE4982C3D2}.Debug|iPhoneSimulator.ActiveCfg = Debug|iPhoneSimulator
		{123414B1-75EF-4654-B86C-BEBE4982C3D2}.Debug|iPhoneSimulator.Build.0 = Debug|iPhoneSimulator
		{123414B1-75EF-4654-B86C-BEBE4982C3D2}.Debug|iPhoneSimulator.Deploy.0 = Debug|iPhoneSimulator
		{123414B1-75EF-4654-B86C-BEBE4982C3D2}.Debug|x64.ActiveCfg = Debug|iPhone
		{123414B1-75EF-4654-B86C-BEBE4982C3D2}.Debug|x64.Build.0 = Debug|iPhone
		{123414B1-75EF-4654-B86C-BEBE4982C3D2}.Debug|x64.Deploy.0 = Debug|iPhone
		{123414B1-75EF-4654-B86C-BEBE4982C3D2}.Debug|x86.ActiveCfg = Debug|iPhone
		{123414B1-75EF-4654-B86C-BEBE4982C3D2}.Debug|x86.Build.0 = Debug|iPhone
		{123414B1-75EF-4654-B86C-BEBE4982C3D2}.Debug|x86.Deploy.0 = Debug|iPhone
		{123414B1-75EF-4654-B86C-BEBE4982C3D2}.Release|Any CPU.ActiveCfg = Release|iPhone
		{123414B1-75EF-4654-B86C-BEBE4982C3D2}.Release|Any CPU.Build.0 = Release|iPhone
		{123414B1-75EF-4654-B86C-BEBE4982C3D2}.Release|Any CPU.Deploy.0 = Release|iPhone
		{123414B1-75EF-4654-B86C-BEBE4982C3D2}.Release|ARM.ActiveCfg = Release|iPhone
		{123414B1-75EF-4654-B86C-BEBE4982C3D2}.Release|ARM.Build.0 = Release|iPhone
		{123414B1-75EF-4654-B86C-BEBE4982C3D2}.Release|ARM.Deploy.0 = Release|iPhone
		{123414B1-75EF-4654-B86C-BEBE4982C3D2}.Release|iPhone.ActiveCfg = Release|iPhone
		{123414B1-75EF-4654-B86C-BEBE4982C3D2}.Release|iPhone.Build.0 = Release|iPhone
		{123414B1-75EF-4654-B86C-BEBE4982C3D2}.Release|iPhone.Deploy.0 = Release|iPhone
		{123414B1-75EF-4654-B86C-BEBE4982C3D2}.Release|iPhoneSimulator.ActiveCfg = Release|iPhoneSimulator
		{123414B1-75EF-4654-B86C-BEBE4982C3D2}.Release|iPhoneSimulator.Build.0 = Release|iPhoneSimulator
		{123414B1-75EF-4654-B86C-BEBE4982C3D2}.Release|iPhoneSimulator.Deploy.0 = Release|iPhoneSimulator
		{123414B1-75EF-4654-B86C-BEBE4982C3D2}.Release|x64.ActiveCfg = Release|iPhone
		{123414B1-75EF-4654-B86C-BEBE4982C3D2}.Release|x64.Build.0 = Release|iPhone
		{123414B1-75EF-4654-B86C-BEBE4982C3D2}.Release|x64.Deploy.0 = Release|iPhone
		{123414B1-75EF-4654-B86C-BEBE4982C3D2}.Release|x86.ActiveCfg = Release|iPhone
		{123414B1-75EF-4654-B86C-BEBE4982C3D2}.Release|x86.Build.0 = Release|iPhone
		{123414B1-75EF-4654-B86C-BEBE4982C3D2}.Release|x86.Deploy.0 = Release|iPhone
		{54FF7510-7B0D-4E80-B772-C59A26BA80B8}.Ad-Hoc|Any CPU.ActiveCfg = Release|x86
		{54FF7510-7B0D-4E80-B772-C59A26BA80B8}.Ad-Hoc|Any CPU.Build.0 = Release|x86
		{54FF7510-7B0D-4E80-B772-C59A26BA80B8}.Ad-Hoc|Any CPU.Deploy.0 = Release|x86
		{54FF7510-7B0D-4E80-B772-C59A26BA80B8}.Ad-Hoc|ARM.ActiveCfg = Release|ARM
		{54FF7510-7B0D-4E80-B772-C59A26BA80B8}.Ad-Hoc|ARM.Build.0 = Release|ARM
		{54FF7510-7B0D-4E80-B772-C59A26BA80B8}.Ad-Hoc|ARM.Deploy.0 = Release|ARM
		{54FF7510-7B0D-4E80-B772-C59A26BA80B8}.Ad-Hoc|iPhone.ActiveCfg = Release|x86
		{54FF7510-7B0D-4E80-B772-C59A26BA80B8}.Ad-Hoc|iPhone.Build.0 = Release|x86
		{54FF7510-7B0D-4E80-B772-C59A26BA80B8}.Ad-Hoc|iPhone.Deploy.0 = Release|x86
		{54FF7510-7B0D-4E80-B772-C59A26BA80B8}.Ad-Hoc|iPhoneSimulator.ActiveCfg = Release|x86
		{54FF7510-7B0D-4E80-B772-C59A26BA80B8}.Ad-Hoc|iPhoneSimulator.Build.0 = Release|x86
		{54FF7510-7B0D-4E80-B772-C59A26BA80B8}.Ad-Hoc|iPhoneSimulator.Deploy.0 = Release|x86
		{54FF7510-7B0D-4E80-B772-C59A26BA80B8}.Ad-Hoc|x64.ActiveCfg = Release|x64
		{54FF7510-7B0D-4E80-B772-C59A26BA80B8}.Ad-Hoc|x64.Build.0 = Release|x64
		{54FF7510-7B0D-4E80-B772-C59A26BA80B8}.Ad-Hoc|x64.Deploy.0 = Release|x64
		{54FF7510-7B0D-4E80-B772-C59A26BA80B8}.Ad-Hoc|x86.ActiveCfg = Release|x86
		{54FF7510-7B0D-4E80-B772-C59A26BA80B8}.Ad-Hoc|x86.Build.0 = Release|x86
		{54FF7510-7B0D-4E80-B772-C59A26BA80B8}.Ad-Hoc|x86.Deploy.0 = Release|x86
		{54FF7510-7B0D-4E80-B772-C59A26BA80B8}.AppStore|Any CPU.ActiveCfg = Release|x86
		{54FF7510-7B0D-4E80-B772-C59A26BA80B8}.AppStore|Any CPU.Build.0 = Release|x86
		{54FF7510-7B0D-4E80-B772-C59A26BA80B8}.AppStore|Any CPU.Deploy.0 = Release|x86
		{54FF7510-7B0D-4E80-B772-C59A26BA80B8}.AppStore|ARM.ActiveCfg = Release|ARM
		{54FF7510-7B0D-4E80-B772-C59A26BA80B8}.AppStore|ARM.Build.0 = Release|ARM
		{54FF7510-7B0D-4E80-B772-C59A26BA80B8}.AppStore|ARM.Deploy.0 = Release|ARM
		{54FF7510-7B0D-4E80-B772-C59A26BA80B8}.AppStore|iPhone.ActiveCfg = Release|x86
		{54FF7510-7B0D-4E80-B772-C59A26BA80B8}.AppStore|iPhone.Build.0 = Release|x86
		{54FF7510-7B0D-4E80-B772-C59A26BA80B8}.AppStore|iPhone.Deploy.0 = Release|x86
		{54FF7510-7B0D-4E80-B772-C59A26BA80B8}.AppStore|iPhoneSimulator.ActiveCfg = Release|x86
		{54FF7510-7B0D-4E80-B772-C59A26BA80B8}.AppStore|iPhoneSimulator.Build.0 = Release|x86
		{54FF7510-7B0D-4E80-B772-C59A26BA80B8}.AppStore|iPhoneSimulator.Deploy.0 = Release|x86
		{54FF7510-7B0D-4E80-B772-C59A26BA80B8}.AppStore|x64.ActiveCfg = Release|x64
		{54FF7510-7B0D-4E80-B772-C59A26BA80B8}.AppStore|x64.Build.0 = Release|x64
		{54FF7510-7B0D-4E80-B772-C59A26BA80B8}.AppStore|x64.Deploy.0 = Release|x64
		{54FF7510-7B0D-4E80-B772-C59A26BA80B8}.AppStore|x86.ActiveCfg = Release|x86
		{54FF7510-7B0D-4E80-B772-C59A26BA80B8}.AppStore|x86.Build.0 = Release|x86
		{54FF7510-7B0D-4E80-B772-C59A26BA80B8}.AppStore|x86.Deploy.0 = Release|x86
		{54FF7510-7B0D-4E80-B772-C59A26BA80B8}.Debug|Any CPU.ActiveCfg = Debug|x86
		{54FF7510-7B0D-4E80-B772-C59A26BA80B8}.Debug|Any CPU.Build.0 = Debug|x86
		{54FF7510-7B0D-4E80-B772-C59A26BA80B8}.Debug|Any CPU.Deploy.0 = Debug|x86
		{54FF7510-7B0D-4E80-B772-C59A26BA80B8}.Debug|ARM.ActiveCfg = Debug|ARM
		{54FF7510-7B0D-4E80-B772-C59A26BA80B8}.Debug|ARM.Build.0 = Debug|ARM
		{54FF7510-7B0D-4E80-B772-C59A26BA80B8}.Debug|ARM.Deploy.0 = Debug|ARM
		{54FF7510-7B0D-4E80-B772-C59A26BA80B8}.Debug|iPhone.ActiveCfg = Debug|x86
		{54FF7510-7B0D-4E80-B772-C59A26BA80B8}.Debug|iPhone.Build.0 = Debug|x86
		{54FF7510-7B0D-4E80-B772-C59A26BA80B8}.Debug|iPhone.Deploy.0 = Debug|x86
		{54FF7510-7B0D-4E80-B772-C59A26BA80B8}.Debug|iPhoneSimulator.ActiveCfg = Debug|x86
		{54FF7510-7B0D-4E80-B772-C59A26BA80B8}.Debug|iPhoneSimulator.Build.0 = Debug|x86
		{54FF7510-7B0D-4E80-B772-C59A26BA80B8}.Debug|iPhoneSimulator.Deploy.0 = Debug|x86
		{54FF7510-7B0D-4E80-B772-C59A26BA80B8}.Debug|x64.ActiveCfg = Debug|x64
		{54FF7510-7B0D-4E80-B772-C59A26BA80B8}.Debug|x64.Build.0 = Debug|x64
		{54FF7510-7B0D-4E80-B772-C59A26BA80B8}.Debug|x64.Deploy.0 = Debug|x64
		{54FF7510-7B0D-4E80-B772-C59A26BA80B8}.Debug|x86.ActiveCfg = Debug|x86
		{54FF7510-7B0D-4E80-B772-C59A26BA80B8}.Debug|x86.Build.0 = Debug|x86
		{54FF7510-7B0D-4E80-B772-C59A26BA80B8}.Debug|x86.Deploy.0 = Debug|x86
		{54FF7510-7B0D-4E80-B772-C59A26BA80B8}.Release|Any CPU.ActiveCfg = Release|x86
		{54FF7510-7B0D-4E80-B772-C59A26BA80B8}.Release|Any CPU.Build.0 = Release|x86
		{54FF7510-7B0D-4E80-B772-C59A26BA80B8}.Release|Any CPU.Deploy.0 = Release|x86
		{54FF7510-7B0D-4E80-B772-C59A26BA80B8}.Release|ARM.ActiveCfg = Release|ARM
		{54FF7510-7B0D-4E80-B772-C59A26BA80B8}.Release|ARM.Build.0 = Release|ARM
		{54FF7510-7B0D-4E80-B772-C59A26BA80B8}.Release|ARM.Deploy.0 = Release|ARM
		{54FF7510-7B0D-4E80-B772-C59A26BA80B8}.Release|iPhone.ActiveCfg = Release|x86
		{54FF7510-7B0D-4E80-B772-C59A26BA80B8}.Release|iPhone.Build.0 = Release|x86
		{54FF7510-7B0D-4E80-B772-C59A26BA80B8}.Release|iPhone.Deploy.0 = Release|x86
		{54FF7510-7B0D-4E80-B772-C59A26BA80B8}.Release|iPhoneSimulator.ActiveCfg = Release|x86
		{54FF7510-7B0D-4E80-B772-C59A26BA80B8}.Release|iPhoneSimulator.Build.0 = Release|x86
		{54FF7510-7B0D-4E80-B772-C59A26BA80B8}.Release|iPhoneSimulator.Deploy.0 = Release|x86
		{54FF7510-7B0D-4E80-B772-C59A26BA80B8}.Release|x64.ActiveCfg = Release|x64
		{54FF7510-7B0D-4E80-B772-C59A26BA80B8}.Release|x64.Build.0 = Release|x64
		{54FF7510-7B0D-4E80-B772-C59A26BA80B8}.Release|x64.Deploy.0 = Release|x64
		{54FF7510-7B0D-4E80-B772-C59A26BA80B8}.Release|x86.ActiveCfg = Release|x86
		{54FF7510-7B0D-4E80-B772-C59A26BA80B8}.Release|x86.Build.0 = Release|x86
		{54FF7510-7B0D-4E80-B772-C59A26BA80B8}.Release|x86.Deploy.0 = Release|x86
		{7AD71643-510D-4418-B63E-800E365C0365}.Ad-Hoc|Any CPU.ActiveCfg = Debug|Any CPU
		{7AD71643-510D-4418-B63E-800E365C0365}.Ad-Hoc|Any CPU.Build.0 = Debug|Any CPU
		{7AD71643-510D-4418-B63E-800E365C0365}.Ad-Hoc|Any CPU.Deploy.0 = Debug|Any CPU
		{7AD71643-510D-4418-B63E-800E365C0365}.Ad-Hoc|ARM.ActiveCfg = Debug|Any CPU
		{7AD71643-510D-4418-B63E-800E365C0365}.Ad-Hoc|ARM.Build.0 = Debug|Any CPU
		{7AD71643-510D-4418-B63E-800E365C0365}.Ad-Hoc|ARM.Deploy.0 = Debug|Any CPU
		{7AD71643-510D-4418-B63E-800E365C0365}.Ad-Hoc|iPhone.ActiveCfg = Debug|Any CPU
		{7AD71643-510D-4418-B63E-800E365C0365}.Ad-Hoc|iPhone.Build.0 = Debug|Any CPU
		{7AD71643-510D-4418-B63E-800E365C0365}.Ad-Hoc|iPhone.Deploy.0 = Debug|Any CPU
		{7AD71643-510D-4418-B63E-800E365C0365}.Ad-Hoc|iPhoneSimulator.ActiveCfg = Debug|Any CPU
		{7AD71643-510D-4418-B63E-800E365C0365}.Ad-Hoc|iPhoneSimulator.Build.0 = Debug|Any CPU
		{7AD71643-510D-4418-B63E-800E365C0365}.Ad-Hoc|iPhoneSimulator.Deploy.0 = Debug|Any CPU
		{7AD71643-510D-4418-B63E-800E365C0365}.Ad-Hoc|x64.ActiveCfg = Debug|Any CPU
		{7AD71643-510D-4418-B63E-800E365C0365}.Ad-Hoc|x64.Build.0 = Debug|Any CPU
		{7AD71643-510D-4418-B63E-800E365C0365}.Ad-Hoc|x64.Deploy.0 = Debug|Any CPU
		{7AD71643-510D-4418-B63E-800E365C0365}.Ad-Hoc|x86.ActiveCfg = Debug|Any CPU
		{7AD71643-510D-4418-B63E-800E365C0365}.Ad-Hoc|x86.Build.0 = Debug|Any CPU
		{7AD71643-510D-4418-B63E-800E365C0365}.Ad-Hoc|x86.Deploy.0 = Debug|Any CPU
		{7AD71643-510D-4418-B63E-800E365C0365}.AppStore|Any CPU.ActiveCfg = Debug|Any CPU
		{7AD71643-510D-4418-B63E-800E365C0365}.AppStore|Any CPU.Build.0 = Debug|Any CPU
		{7AD71643-510D-4418-B63E-800E365C0365}.AppStore|Any CPU.Deploy.0 = Debug|Any CPU
		{7AD71643-510D-4418-B63E-800E365C0365}.AppStore|ARM.ActiveCfg = Debug|Any CPU
		{7AD71643-510D-4418-B63E-800E365C0365}.AppStore|ARM.Build.0 = Debug|Any CPU
		{7AD71643-510D-4418-B63E-800E365C0365}.AppStore|ARM.Deploy.0 = Debug|Any CPU
		{7AD71643-510D-4418-B63E-800E365C0365}.AppStore|iPhone.ActiveCfg = Debug|Any CPU
		{7AD71643-510D-4418-B63E-800E365C0365}.AppStore|iPhone.Build.0 = Debug|Any CPU
		{7AD71643-510D-4418-B63E-800E365C0365}.AppStore|iPhone.Deploy.0 = Debug|Any CPU
		{7AD71643-510D-4418-B63E-800E365C0365}.AppStore|iPhoneSimulator.ActiveCfg = Debug|Any CPU
		{7AD71643-510D-4418-B63E-800E365C0365}.AppStore|iPhoneSimulator.Build.0 = Debug|Any CPU
		{7AD71643-510D-4418-B63E-800E365C0365}.AppStore|iPhoneSimulator.Deploy.0 = Debug|Any CPU
		{7AD71643-510D-4418-B63E-800E365C0365}.AppStore|x64.ActiveCfg = Debug|Any CPU
		{7AD71643-510D-4418-B63E-800E365C0365}.AppStore|x64.Build.0 = Debug|Any CPU
		{7AD71643-510D-4418-B63E-800E365C0365}.AppStore|x64.Deploy.0 = Debug|Any CPU
		{7AD71643-510D-4418-B63E-800E365C0365}.AppStore|x86.ActiveCfg = Debug|Any CPU
		{7AD71643-510D-4418-B63E-800E365C0365}.AppStore|x86.Build.0 = Debug|Any CPU
		{7AD71643-510D-4418-B63E-800E365C0365}.AppStore|x86.Deploy.0 = Debug|Any CPU
		{7AD71643-510D-4418-B63E-800E365C0365}.Debug|Any CPU.ActiveCfg = Debug|Any CPU
		{7AD71643-510D-4418-B63E-800E365C0365}.Debug|Any CPU.Build.0 = Debug|Any CPU
		{7AD71643-510D-4418-B63E-800E365C0365}.Debug|Any CPU.Deploy.0 = Debug|Any CPU
		{7AD71643-510D-4418-B63E-800E365C0365}.Debug|ARM.ActiveCfg = Debug|Any CPU
		{7AD71643-510D-4418-B63E-800E365C0365}.Debug|ARM.Build.0 = Debug|Any CPU
		{7AD71643-510D-4418-B63E-800E365C0365}.Debug|ARM.Deploy.0 = Debug|Any CPU
		{7AD71643-510D-4418-B63E-800E365C0365}.Debug|iPhone.ActiveCfg = Debug|Any CPU
		{7AD71643-510D-4418-B63E-800E365C0365}.Debug|iPhone.Build.0 = Debug|Any CPU
		{7AD71643-510D-4418-B63E-800E365C0365}.Debug|iPhone.Deploy.0 = Debug|Any CPU
		{7AD71643-510D-4418-B63E-800E365C0365}.Debug|iPhoneSimulator.ActiveCfg = Debug|Any CPU
		{7AD71643-510D-4418-B63E-800E365C0365}.Debug|iPhoneSimulator.Build.0 = Debug|Any CPU
		{7AD71643-510D-4418-B63E-800E365C0365}.Debug|iPhoneSimulator.Deploy.0 = Debug|Any CPU
		{7AD71643-510D-4418-B63E-800E365C0365}.Debug|x64.ActiveCfg = Debug|Any CPU
		{7AD71643-510D-4418-B63E-800E365C0365}.Debug|x64.Build.0 = Debug|Any CPU
		{7AD71643-510D-4418-B63E-800E365C0365}.Debug|x64.Deploy.0 = Debug|Any CPU
		{7AD71643-510D-4418-B63E-800E365C0365}.Debug|x86.ActiveCfg = Debug|Any CPU
		{7AD71643-510D-4418-B63E-800E365C0365}.Debug|x86.Build.0 = Debug|Any CPU
		{7AD71643-510D-4418-B63E-800E365C0365}.Debug|x86.Deploy.0 = Debug|Any CPU
		{7AD71643-510D-4418-B63E-800E365C0365}.Release|Any CPU.ActiveCfg = Release|Any CPU
		{7AD71643-510D-4418-B63E-800E365C0365}.Release|Any CPU.Build.0 = Release|Any CPU
		{7AD71643-510D-4418-B63E-800E365C0365}.Release|Any CPU.Deploy.0 = Release|Any CPU
		{7AD71643-510D-4418-B63E-800E365C0365}.Release|ARM.ActiveCfg = Release|Any CPU
		{7AD71643-510D-4418-B63E-800E365C0365}.Release|ARM.Build.0 = Release|Any CPU
		{7AD71643-510D-4418-B63E-800E365C0365}.Release|ARM.Deploy.0 = Release|Any CPU
		{7AD71643-510D-4418-B63E-800E365C0365}.Release|iPhone.ActiveCfg = Release|Any CPU
		{7AD71643-510D-4418-B63E-800E365C0365}.Release|iPhone.Build.0 = Release|Any CPU
		{7AD71643-510D-4418-B63E-800E365C0365}.Release|iPhone.Deploy.0 = Release|Any CPU
		{7AD71643-510D-4418-B63E-800E365C0365}.Release|iPhoneSimulator.ActiveCfg = Release|Any CPU
		{7AD71643-510D-4418-B63E-800E365C0365}.Release|iPhoneSimulator.Build.0 = Release|Any CPU
		{7AD71643-510D-4418-B63E-800E365C0365}.Release|iPhoneSimulator.Deploy.0 = Release|Any CPU
		{7AD71643-510D-4418-B63E-800E365C0365}.Release|x64.ActiveCfg = Release|Any CPU
		{7AD71643-510D-4418-B63E-800E365C0365}.Release|x64.Build.0 = Release|Any CPU
		{7AD71643-510D-4418-B63E-800E365C0365}.Release|x64.Deploy.0 = Release|Any CPU
		{7AD71643-510D-4418-B63E-800E365C0365}.Release|x86.ActiveCfg = Release|Any CPU
		{7AD71643-510D-4418-B63E-800E365C0365}.Release|x86.Build.0 = Release|Any CPU
		{7AD71643-510D-4418-B63E-800E365C0365}.Release|x86.Deploy.0 = Release|Any CPU
	EndGlobalSection
	GlobalSection(SolutionProperties) = preSolution
		HideSolutionNode = FALSE
	EndGlobalSection
	GlobalSection(ExtensibilityGlobals) = postSolution
		SolutionGuid = {527DAB78-9673-4F98-AC91-50BF57D22157}
	EndGlobalSection
EndGlobal
